
Microsoft Visual Studio Solution File, Format Version 12.00
# Visual Studio Version 17
VisualStudioVersion = 17.14.36915.13 d17.14
MinimumVisualStudioVersion = 10.0.40219.1
Project("{FAE04EC0-301F-11D3-BF4B-00C04F79EFBC}") = "VoicePlayer", "VoicePlayer.csproj", "{D2E6327F-B61E-4C3D-B907-FA0F2F0A0D3A}"
EndProject
Global
	GlobalSection(SolutionConfigurationPlatforms) = preSolution
		Debug|Any CPU = Debug|Any CPU
		Release|Any CPU = Release|Any CPU
	EndGlobalSection
	GlobalSection(ProjectConfigurationPlatforms) = postSolution
		{D2E6327F-B61E-4C3D-B907-FA0F2F0A0D3A}.Debug|Any CPU.ActiveCfg = Debug|Any CPU
		{D2E6327F-B61E-4C3D-B907-FA0F2F0A0D3A}.Debug|Any CPU.Build.0 = Debug|Any CPU
		{D2E6327F-B61E-4C3D-B907-FA0F2F0A0D3A}.Release|Any CPU.ActiveCfg = Release|Any CPU
		{D2E6327F-B61E-4C3D-B907-FA0F2F0A0D3A}.Release|Any CPU.Build.0 = Release|Any CPU
	EndGlobalSection
	GlobalSection(SolutionProperties) = preSolution
		HideSolutionNode = FALSE
	EndGlobalSection
	GlobalSection(ExtensibilityGlobals) = postSolution
		SolutionGuid = {04B022CC-87EC-4661-977F-7EF047D7B86C}
	EndGlobalSection
EndGlobal
